
Microsoft Visual Studio Solution File, Format Version 12.00
# Visual Studio Version 16
VisualStudioVersion = 16.0.30503.244
MinimumVisualStudioVersion = 10.0.40219.1
Project("{FAE04EC0-301F-11D3-BF4B-00C04F79EFBC}") = "Task_3", "Task_3\Task_3.csproj", "{D6B8B9AA-1A45-4EEA-B8A3-2D7001C57773}"
EndProject
Global
	GlobalSection(SolutionConfigurationPlatforms) = preSolution
		Debug|Any CPU = Debug|Any CPU
		Release|Any CPU = Release|Any CPU
	EndGlobalSection
	GlobalSection(ProjectConfigurationPlatforms) = postSolution
		{D6B8B9AA-1A45-4EEA-B8A3-2D7001C57773}.Debug|Any CPU.ActiveCfg = Debug|Any CPU
		{D6B8B9AA-1A45-4EEA-B8A3-2D7001C57773}.Debug|Any CPU.Build.0 = Debug|Any CPU
		{D6B8B9AA-1A45-4EEA-B8A3-2D7001C57773}.Release|Any CPU.ActiveCfg = Release|Any CPU
		{D6B8B9AA-1A45-4EEA-B8A3-2D7001C57773}.Release|Any CPU.Build.0 = Release|Any CPU
	EndGlobalSection
	GlobalSection(SolutionProperties) = preSolution
		HideSolutionNode = FALSE
	EndGlobalSection
	GlobalSection(ExtensibilityGlobals) = postSolution
		SolutionGuid = {94BC6175-E0C7-4A85-BB89-FE4806E92957}
	EndGlobalSection
EndGlobal
